
Microsoft Visual Studio Solution File, Format Version 12.00
# Visual Studio Version 17
VisualStudioVersion = 17.9.34723.18
MinimumVisualStudioVersion = 10.0.40219.1
Project("{FAE04EC0-301F-11D3-BF4B-00C04F79EFBC}") = "E-Commerce.API", "E-Commerce.API\E-Commerce.API.csproj", "{27347C18-31B1-4A40-867E-7788172C9665}"
EndProject
Project("{FAE04EC0-301F-11D3-BF4B-00C04F79EFBC}") = "E-Commerce.Core", "E-Commerce.Core\E-Commerce.Core.csproj", "{7E40F17B-ED7A-4BF4-8C33-BD97947EE8EF}"
EndProject
Project("{FAE04EC0-301F-11D3-BF4B-00C04F79EFBC}") = "E-Commerce.Services", "E-Commerce.Services\E-Commerce.Services.csproj", "{341F9422-3546-47F9-9AE8-5064376FB1E1}"
EndProject
Project("{FAE04EC0-301F-11D3-BF4B-00C04F79EFBC}") = "E-Commerce.Repository", "E-Commerce.Repository\E-Commerce.Repository.csproj", "{8EE240BC-47E9-4B89-BBB5-359D2FF2F047}"
EndProject
Global
	GlobalSection(SolutionConfigurationPlatforms) = preSolution
		Debug|Any CPU = Debug|Any CPU
		Release|Any CPU = Release|Any CPU
	EndGlobalSection
	GlobalSection(ProjectConfigurationPlatforms) = postSolution
		{27347C18-31B1-4A40-867E-7788172C9665}.Debug|Any CPU.ActiveCfg = Debug|Any CPU
		{27347C18-31B1-4A40-867E-7788172C9665}.Debug|Any CPU.Build.0 = Debug|Any CPU
		{27347C18-31B1-4A40-867E-7788172C9665}.Release|Any CPU.ActiveCfg = Release|Any CPU
		{27347C18-31B1-4A40-867E-7788172C9665}.Release|Any CPU.Build.0 = Release|Any CPU
		{7E40F17B-ED7A-4BF4-8C33-BD97947EE8EF}.Debug|Any CPU.ActiveCfg = Debug|Any CPU
		{7E40F17B-ED7A-4BF4-8C33-BD97947EE8EF}.Debug|Any CPU.Build.0 = Debug|Any CPU
		{7E40F17B-ED7A-4BF4-8C33-BD97947EE8EF}.Release|Any CPU.ActiveCfg = Release|Any CPU
		{7E40F17B-ED7A-4BF4-8C33-BD97947EE8EF}.Release|Any CPU.Build.0 = Release|Any CPU
		{341F9422-3546-47F9-9AE8-5064376FB1E1}.Debug|Any CPU.ActiveCfg = Debug|Any CPU
		{341F9422-3546-47F9-9AE8-5064376FB1E1}.Debug|Any CPU.Build.0 = Debug|Any CPU
		{341F9422-3546-47F9-9AE8-5064376FB1E1}.Release|Any CPU.ActiveCfg = Release|Any CPU
		{341F9422-3546-47F9-9AE8-5064376FB1E1}.Release|Any CPU.Build.0 = Release|Any CPU
		{8EE240BC-47E9-4B89-BBB5-359D2FF2F047}.Debug|Any CPU.ActiveCfg = Debug|Any CPU
		{8EE240BC-47E9-4B89-BBB5-359D2FF2F047}.Debug|Any CPU.Build.0 = Debug|Any CPU
		{8EE240BC-47E9-4B89-BBB5-359D2FF2F047}.Release|Any CPU.ActiveCfg = Release|Any CPU
		{8EE240BC-47E9-4B89-BBB5-359D2FF2F047}.Release|Any CPU.Build.0 = Release|Any CPU
	EndGlobalSection
	GlobalSection(SolutionProperties) = preSolution
		HideSolutionNode = FALSE
	EndGlobalSection
	GlobalSection(ExtensibilityGlobals) = postSolution
		SolutionGuid = {937CE9FF-8B45-4CF3-9496-6B0441A5EE50}
	EndGlobalSection
EndGlobal
